Microsoft Visual Studio Solution File, Format Version 12.00
# Visual Studio Version 17
VisualStudioVersion = 17.5.2.0
MinimumVisualStudioVersion = 10.0.40219.1
Project("{FAE04EC0-301F-11D3-BF4B-00C04F79EFBC}") = "mycsharpproj", "mycsharpproj\mycsharpproj.csproj", "{2284636B-24B2-32FC-8198-5EF8F7A437A0}"
EndProject
Global
	GlobalSection(SolutionConfigurationPlatforms) = preSolution
		Debug|Any CPU = Debug|Any CPU
		Release|Any CPU = Release|Any CPU
	EndGlobalSection
	GlobalSection(ProjectConfigurationPlatforms) = postSolution
		{2284636B-24B2-32FC-8198-5EF8F7A437A0}.Debug|Any CPU.ActiveCfg = Debug|Any CPU
		{2284636B-24B2-32FC-8198-5EF8F7A437A0}.Debug|Any CPU.Build.0 = Debug|Any CPU
		{2284636B-24B2-32FC-8198-5EF8F7A437A0}.Release|Any CPU.ActiveCfg = Release|Any CPU
		{2284636B-24B2-32FC-8198-5EF8F7A437A0}.Release|Any CPU.Build.0 = Release|Any CPU
	EndGlobalSection
	GlobalSection(SolutionProperties) = preSolution
		HideSolutionNode = FALSE
	EndGlobalSection
	GlobalSection(ExtensibilityGlobals) = postSolution
		SolutionGuid = {8FA18BC0-8073-4687-9630-35235B359C22}
	EndGlobalSection
EndGlobal
